// !$*UTF8*$!
{
	archiveVersion = 1;
	classes = {
	};
	objectVersion = 46;
	objects = {

/* Begin PBXBuildFile section */
		49175CB119F4F943000FBC15 /* main.cpp in Sources */ = {isa = PBXBuildFile; fileRef = 49175CB019F4F943000FBC15 /* main.cpp */; };
		4935546A1A27460400F435AA /* AssetLibrary.cpp in Sources */ = {isa = PBXBuildFile; fileRef = 493554681A27460400F435AA /* AssetLibrary.cpp */; };
		49479B631A13BEA100EE922E /* OFAVFoundationVideoPlayer.m in Sources */ = {isa = PBXBuildFile; fileRef = 49479B5E1A13BEA100EE922E /* OFAVFoundationVideoPlayer.m */; };
		49479B641A13BEA100EE922E /* OFAVFoundationVideoPlayerView.m in Sources */ = {isa = PBXBuildFile; fileRef = 49479B601A13BEA100EE922E /* OFAVFoundationVideoPlayerView.m */; };
		49479B6B1A13C09A00EE922E /* OSXPlayer.mm in Sources */ = {isa = PBXBuildFile; fileRef = 49479B691A13C09A00EE922E /* OSXPlayer.mm */; };
		4958BAB119F6DF9900DE1837 /* AVFoundation.framework in Frameworks */ = {isa = PBXBuildFile; fileRef = 4958BAB019F6DF9900DE1837 /* AVFoundation.framework */; };
		4958BAB319F6DF9E00DE1837 /* AVKit.framework in Frameworks */ = {isa = PBXBuildFile; fileRef = 4958BAB219F6DF9E00DE1837 /* AVKit.framework */; };
		4958BAB519F6DFAE00DE1837 /* CoreFoundation.framework in Frameworks */ = {isa = PBXBuildFile; fileRef = 4958BAB419F6DFAE00DE1837 /* CoreFoundation.framework */; };
		4958BAB719F6DFB400DE1837 /* Foundation.framework in Frameworks */ = {isa = PBXBuildFile; fileRef = 4958BAB619F6DFB400DE1837 /* Foundation.framework */; };
		49747E971A264CCD004B1241 /* ShotDetector.cpp in Sources */ = {isa = PBXBuildFile; fileRef = 49747E951A264CCD004B1241 /* ShotDetector.cpp */; };
		49B015C419F91D2000112A25 /* FontHandler.cpp in Sources */ = {isa = PBXBuildFile; fileRef = 49B0159F19F91D2000112A25 /* FontHandler.cpp */; };
		49B015C619F91D2000112A25 /* ContextGLFW.cpp in Sources */ = {isa = PBXBuildFile; fileRef = 49B015A419F91D2000112A25 /* ContextGLFW.cpp */; };
		49B015C719F91D2000112A25 /* initTobago.cpp in Sources */ = {isa = PBXBuildFile; fileRef = 49B015A619F91D2000112A25 /* initTobago.cpp */; };
		49B015C819F91D2000112A25 /* Buffer_Object.cpp in Sources */ = {isa = PBXBuildFile; fileRef = 49B015A919F91D2000112A25 /* Buffer_Object.cpp */; };
		49B015C919F91D2000112A25 /* FBO.cpp in Sources */ = {isa = PBXBuildFile; fileRef = 49B015AB19F91D2000112A25 /* FBO.cpp */; };
		49B015CA19F91D2000112A25 /* jpgd.cpp in Sources */ = {isa = PBXBuildFile; fileRef = 49B015AF19F91D2000112A25 /* jpgd.cpp */; };
		49B015CB19F91D2000112A25 /* jpge.cpp in Sources */ = {isa = PBXBuildFile; fileRef = 49B015B119F91D2000112A25 /* jpge.cpp */; };
		49B015CC19F91D2000112A25 /* lodepng.cpp in Sources */ = {isa = PBXBuildFile; fileRef = 49B015B419F91D2000112A25 /* lodepng.cpp */; };
		49B015CD19F91D2000112A25 /* Shader.cpp in Sources */ = {isa = PBXBuildFile; fileRef = 49B015B619F91D2000112A25 /* Shader.cpp */; };
		49B015CE19F91D2000112A25 /* TBO.cpp in Sources */ = {isa = PBXBuildFile; fileRef = 49B015B819F91D2000112A25 /* TBO.cpp */; };
		49B015CF19F91D2000112A25 /* VAO.cpp in Sources */ = {isa = PBXBuildFile; fileRef = 49B015BA19F91D2000112A25 /* VAO.cpp */; };
		49B015D019F91D2000112A25 /* basic.cpp in Sources */ = {isa = PBXBuildFile; fileRef = 49B015BF19F91D2000112A25 /* basic.cpp */; };
		49B015D119F91D2000112A25 /* log.cpp in Sources */ = {isa = PBXBuildFile; fileRef = 49B015C119F91D2000112A25 /* log.cpp */; };
		49B015D419F938BF00112A25 /* SoundHandler.cpp in Sources */ = {isa = PBXBuildFile; fileRef = 49B015D219F938BF00112A25 /* SoundHandler.cpp */; };
		49B015D719F93E3600112A25 /* libGLEW.a in Frameworks */ = {isa = PBXBuildFile; fileRef = 49B015D519F93E3600112A25 /* libGLEW.a */; };
		49B015D819F93E3600112A25 /* libglfw3.a in Frameworks */ = {isa = PBXBuildFile; fileRef = 49B015D619F93E3600112A25 /* libglfw3.a */; };
		49B2E42D1A25D5E000C5ECAE /* HistogramHSV.cpp in Sources */ = {isa = PBXBuildFile; fileRef = 49B2E42B1A25D5E000C5ECAE /* HistogramHSV.cpp */; };
		49F029431A176C5100B355BA /* VideoAsset.cpp in Sources */ = {isa = PBXBuildFile; fileRef = 49F029411A176C5100B355BA /* VideoAsset.cpp */; };
		49FCEB811A25EF6500977A78 /* OpenCL.framework in Frameworks */ = {isa = PBXBuildFile; fileRef = 49FCEB801A25EF6500977A78 /* OpenCL.framework */; };
/* End PBXBuildFile section */

/* Begin PBXCopyFilesBuildPhase section */
		49175CAB19F4F943000FBC15 /* CopyFiles */ = {
			isa = PBXCopyFilesBuildPhase;
			buildActionMask = 2147483647;
			dstPath = /usr/share/man/man1/;
			dstSubfolderSpec = 0;
			files = (
			);
			runOnlyForDeploymentPostprocessing = 1;
		};
/* End PBXCopyFilesBuildPhase section */

/* Begin PBXFileReference section */
		49175CAD19F4F943000FBC15 /* Synesthesia */ = {isa = PBXFileReference; explicitFileType = "compiled.mach-o.executable"; includeInIndex = 0; path = Synesthesia; sourceTree = BUILT_PRODUCTS_DIR; };
		49175CB019F4F943000FBC15 /* main.cpp */ = {isa = PBXFileReference; lastKnownFileType = sourcecode.cpp.cpp; path = main.cpp; sourceTree = "<group>"; };
		493554681A27460400F435AA /* AssetLibrary.cpp */ = {isa = PBXFileReference; fileEncoding = 4; lastKnownFileType = sourcecode.cpp.cpp; path = AssetLibrary.cpp; sourceTree = "<group>"; };
		493554691A27460400F435AA /* AssetLibrary.h */ = {isa = PBXFileReference; fileEncoding = 4; lastKnownFileType = sourcecode.c.h; path = AssetLibrary.h; sourceTree = "<group>"; };
		49479B5D1A13BEA100EE922E /* OFAVFoundationVideoPlayer.h */ = {isa = PBXFileReference; fileEncoding = 4; lastKnownFileType = sourcecode.c.h; path = OFAVFoundationVideoPlayer.h; sourceTree = "<group>"; };
		49479B5E1A13BEA100EE922E /* OFAVFoundationVideoPlayer.m */ = {isa = PBXFileReference; fileEncoding = 4; lastKnownFileType = sourcecode.c.objc; path = OFAVFoundationVideoPlayer.m; sourceTree = "<group>"; };
		49479B5F1A13BEA100EE922E /* OFAVFoundationVideoPlayerView.h */ = {isa = PBXFileReference; fileEncoding = 4; lastKnownFileType = sourcecode.c.h; path = OFAVFoundationVideoPlayerView.h; sourceTree = "<group>"; };
		49479B601A13BEA100EE922E /* OFAVFoundationVideoPlayerView.m */ = {isa = PBXFileReference; fileEncoding = 4; lastKnownFileType = sourcecode.c.objc; path = OFAVFoundationVideoPlayerView.m; sourceTree = "<group>"; };
		49479B671A13BEEC00EE922E /* Player.h */ = {isa = PBXFileReference; fileEncoding = 4; lastKnownFileType = sourcecode.c.h; path = Player.h; sourceTree = "<group>"; };
		49479B691A13C09A00EE922E /* OSXPlayer.mm */ = {isa = PBXFileReference; fileEncoding = 4; lastKnownFileType = sourcecode.cpp.objcpp; path = OSXPlayer.mm; sourceTree = "<group>"; };
		49479B6A1A13C09A00EE922E /* OSXPlayer.h */ = {isa = PBXFileReference; fileEncoding = 4; lastKnownFileType = sourcecode.c.h; path = OSXPlayer.h; sourceTree = "<group>"; };
		4958BAB019F6DF9900DE1837 /* AVFoundation.framework */ = {isa = PBXFileReference; lastKnownFileType = wrapper.framework; name = AVFoundation.framework; path = System/Library/Frameworks/AVFoundation.framework; sourceTree = SDKROOT; };
		4958BAB219F6DF9E00DE1837 /* AVKit.framework */ = {isa = PBXFileReference; lastKnownFileType = wrapper.framework; name = AVKit.framework; path = System/Library/Frameworks/AVKit.framework; sourceTree = SDKROOT; };
		4958BAB419F6DFAE00DE1837 /* CoreFoundation.framework */ = {isa = PBXFileReference; lastKnownFileType = wrapper.framework; name = CoreFoundation.framework; path = System/Library/Frameworks/CoreFoundation.framework; sourceTree = SDKROOT; };
		4958BAB619F6DFB400DE1837 /* Foundation.framework */ = {isa = PBXFileReference; lastKnownFileType = wrapper.framework; name = Foundation.framework; path = System/Library/Frameworks/Foundation.framework; sourceTree = SDKROOT; };
		49747E941A263B6D004B1241 /* Colors.h */ = {isa = PBXFileReference; fileEncoding = 4; lastKnownFileType = sourcecode.c.h; path = Colors.h; sourceTree = "<group>"; };
		49747E951A264CCD004B1241 /* ShotDetector.cpp */ = {isa = PBXFileReference; fileEncoding = 4; lastKnownFileType = sourcecode.cpp.cpp; path = ShotDetector.cpp; sourceTree = "<group>"; };
		49747E961A264CCD004B1241 /* ShotDetector.h */ = {isa = PBXFileReference; fileEncoding = 4; lastKnownFileType = sourcecode.c.h; path = ShotDetector.h; sourceTree = "<group>"; };
		49B0159F19F91D2000112A25 /* FontHandler.cpp */ = {isa = PBXFileReference; fileEncoding = 4; lastKnownFileType = sourcecode.cpp.cpp; path = FontHandler.cpp; sourceTree = "<group>"; };
		49B015A019F91D2000112A25 /* FontHandler.h */ = {isa = PBXFileReference; fileEncoding = 4; lastKnownFileType = sourcecode.c.h; path = FontHandler.h; sourceTree = "<group>"; };
		49B015A419F91D2000112A25 /* ContextGLFW.cpp */ = {isa = PBXFileReference; fileEncoding = 4; lastKnownFileType = sourcecode.cpp.cpp; path = ContextGLFW.cpp; sourceTree = "<group>"; };
		49B015A519F91D2000112A25 /* ContextGLFW.h */ = {isa = PBXFileReference; fileEncoding = 4; lastKnownFileType = sourcecode.c.h; path = ContextGLFW.h; sourceTree = "<group>"; };
		49B015A619F91D2000112A25 /* initTobago.cpp */ = {isa = PBXFileReference; fileEncoding = 4; lastKnownFileType = sourcecode.cpp.cpp; path = initTobago.cpp; sourceTree = "<group>"; };
		49B015A719F91D2000112A25 /* initTobago.h */ = {isa = PBXFileReference; fileEncoding = 4; lastKnownFileType = sourcecode.c.h; path = initTobago.h; sourceTree = "<group>"; };
		49B015A919F91D2000112A25 /* Buffer_Object.cpp */ = {isa = PBXFileReference; fileEncoding = 4; lastKnownFileType = sourcecode.cpp.cpp; path = Buffer_Object.cpp; sourceTree = "<group>"; };
		49B015AA19F91D2000112A25 /* Buffer_Object.h */ = {isa = PBXFileReference; fileEncoding = 4; lastKnownFileType = sourcecode.c.h; path = Buffer_Object.h; sourceTree = "<group>"; };
		49B015AB19F91D2000112A25 /* FBO.cpp */ = {isa = PBXFileReference; fileEncoding = 4; lastKnownFileType = sourcecode.cpp.cpp; path = FBO.cpp; sourceTree = "<group>"; };
		49B015AC19F91D2000112A25 /* FBO.h */ = {isa = PBXFileReference; fileEncoding = 4; lastKnownFileType = sourcecode.c.h; path = FBO.h; sourceTree = "<group>"; };
		49B015AD19F91D2000112A25 /* IBO.h */ = {isa = PBXFileReference; fileEncoding = 4; lastKnownFileType = sourcecode.c.h; path = IBO.h; sourceTree = "<group>"; };
		49B015AF19F91D2000112A25 /* jpgd.cpp */ = {isa = PBXFileReference; fileEncoding = 4; lastKnownFileType = sourcecode.cpp.cpp; path = jpgd.cpp; sourceTree = "<group>"; };
		49B015B019F91D2000112A25 /* jpgd.h */ = {isa = PBXFileReference; fileEncoding = 4; lastKnownFileType = sourcecode.c.h; path = jpgd.h; sourceTree = "<group>"; };
		49B015B119F91D2000112A25 /* jpge.cpp */ = {isa = PBXFileReference; fileEncoding = 4; lastKnownFileType = sourcecode.cpp.cpp; path = jpge.cpp; sourceTree = "<group>"; };
		49B015B219F91D2000112A25 /* jpge.h */ = {isa = PBXFileReference; fileEncoding = 4; lastKnownFileType = sourcecode.c.h; path = jpge.h; sourceTree = "<group>"; };
		49B015B419F91D2000112A25 /* lodepng.cpp */ = {isa = PBXFileReference; fileEncoding = 4; lastKnownFileType = sourcecode.cpp.cpp; path = lodepng.cpp; sourceTree = "<group>"; };
		49B015B519F91D2000112A25 /* lodepng.h */ = {isa = PBXFileReference; fileEncoding = 4; lastKnownFileType = sourcecode.c.h; path = lodepng.h; sourceTree = "<group>"; };
		49B015B619F91D2000112A25 /* Shader.cpp */ = {isa = PBXFileReference; fileEncoding = 4; lastKnownFileType = sourcecode.cpp.cpp; path = Shader.cpp; sourceTree = "<group>"; };
		49B015B719F91D2000112A25 /* Shader.h */ = {isa = PBXFileReference; fileEncoding = 4; lastKnownFileType = sourcecode.c.h; path = Shader.h; sourceTree = "<group>"; };
		49B015B819F91D2000112A25 /* TBO.cpp */ = {isa = PBXFileReference; fileEncoding = 4; lastKnownFileType = sourcecode.cpp.cpp; path = TBO.cpp; sourceTree = "<group>"; };
		49B015B919F91D2000112A25 /* TBO.h */ = {isa = PBXFileReference; fileEncoding = 4; lastKnownFileType = sourcecode.c.h; path = TBO.h; sourceTree = "<group>"; };
		49B015BA19F91D2000112A25 /* VAO.cpp */ = {isa = PBXFileReference; fileEncoding = 4; lastKnownFileType = sourcecode.cpp.cpp; path = VAO.cpp; sourceTree = "<group>"; };
		49B015BB19F91D2000112A25 /* VAO.h */ = {isa = PBXFileReference; fileEncoding = 4; lastKnownFileType = sourcecode.c.h; path = VAO.h; sourceTree = "<group>"; };
		49B015BC19F91D2000112A25 /* VBO.h */ = {isa = PBXFileReference; fileEncoding = 4; lastKnownFileType = sourcecode.c.h; path = VBO.h; sourceTree = "<group>"; };
		49B015BD19F91D2000112A25 /* Tobago.h */ = {isa = PBXFileReference; fileEncoding = 4; lastKnownFileType = sourcecode.c.h; path = Tobago.h; sourceTree = "<group>"; };
		49B015BF19F91D2000112A25 /* basic.cpp */ = {isa = PBXFileReference; fileEncoding = 4; lastKnownFileType = sourcecode.cpp.cpp; path = basic.cpp; sourceTree = "<group>"; };
		49B015C019F91D2000112A25 /* basic.h */ = {isa = PBXFileReference; fileEncoding = 4; lastKnownFileType = sourcecode.c.h; path = basic.h; sourceTree = "<group>"; };
		49B015C119F91D2000112A25 /* log.cpp */ = {isa = PBXFileReference; fileEncoding = 4; lastKnownFileType = sourcecode.cpp.cpp; path = log.cpp; sourceTree = "<group>"; };
		49B015C219F91D2000112A25 /* log.h */ = {isa = PBXFileReference; fileEncoding = 4; lastKnownFileType = sourcecode.c.h; path = log.h; sourceTree = "<group>"; };
		49B015D219F938BF00112A25 /* SoundHandler.cpp */ = {isa = PBXFileReference; fileEncoding = 4; lastKnownFileType = sourcecode.cpp.cpp; path = SoundHandler.cpp; sourceTree = "<group>"; };
		49B015D319F938BF00112A25 /* SoundHandler.h */ = {isa = PBXFileReference; fileEncoding = 4; lastKnownFileType = sourcecode.c.h; path = SoundHandler.h; sourceTree = "<group>"; };
		49B015D519F93E3600112A25 /* libGLEW.a */ = {isa = PBXFileReference; lastKnownFileType = archive.ar; name = libGLEW.a; path = libs/libGLEW.a; sourceTree = "<group>"; };
		49B015D619F93E3600112A25 /* libglfw3.a */ = {isa = PBXFileReference; lastKnownFileType = archive.ar; name = libglfw3.a; path = libs/libglfw3.a; sourceTree = "<group>"; };
		49B2E42B1A25D5E000C5ECAE /* HistogramHSV.cpp */ = {isa = PBXFileReference; fileEncoding = 4; lastKnownFileType = sourcecode.cpp.cpp; path = HistogramHSV.cpp; sourceTree = "<group>"; };
		49B2E42C1A25D5E000C5ECAE /* HistogramHSV.h */ = {isa = PBXFileReference; fileEncoding = 4; lastKnownFileType = sourcecode.c.h; path = HistogramHSV.h; sourceTree = "<group>"; };
		49F029411A176C5100B355BA /* VideoAsset.cpp */ = {isa = PBXFileReference; fileEncoding = 4; lastKnownFileType = sourcecode.cpp.cpp; path = VideoAsset.cpp; sourceTree = "<group>"; };
		49F029421A176C5100B355BA /* VideoAsset.h */ = {isa = PBXFileReference; fileEncoding = 4; lastKnownFileType = sourcecode.c.h; path = VideoAsset.h; sourceTree = "<group>"; };
		49FCEB801A25EF6500977A78 /* OpenCL.framework */ = {isa = PBXFileReference; lastKnownFileType = wrapper.framework; name = OpenCL.framework; path = System/Library/Frameworks/OpenCL.framework; sourceTree = SDKROOT; };
/* End PBXFileReference section */

/* Begin PBXFrameworksBuildPhase section */
		49175CAA19F4F943000FBC15 /* Frameworks */ = {
			isa = PBXFrameworksBuildPhase;
			buildActionMask = 2147483647;
			files = (
				49FCEB811A25EF6500977A78 /* OpenCL.framework in Frameworks */,
				49B015D719F93E3600112A25 /* libGLEW.a in Frameworks */,
				4958BAB719F6DFB400DE1837 /* Foundation.framework in Frameworks */,
				4958BAB519F6DFAE00DE1837 /* CoreFoundation.framework in Frameworks */,
				4958BAB319F6DF9E00DE1837 /* AVKit.framework in Frameworks */,
				4958BAB119F6DF9900DE1837 /* AVFoundation.framework in Frameworks */,
				49B015D819F93E3600112A25 /* libglfw3.a in Frameworks */,
			);
			runOnlyForDeploymentPostprocessing = 0;
		};
/* End PBXFrameworksBuildPhase section */

/* Begin PBXGroup section */
		49175CA419F4F943000FBC15 = {
			isa = PBXGroup;
			children = (
				49B015D519F93E3600112A25 /* libGLEW.a */,
				49B015D619F93E3600112A25 /* libglfw3.a */,
				49175CAF19F4F943000FBC15 /* Synesthesia */,
				4958BAB819F6DFEB00DE1837 /* Frameworks */,
				49175CAE19F4F943000FBC15 /* Products */,
			);
			sourceTree = "<group>";
		};
		49175CAE19F4F943000FBC15 /* Products */ = {
			isa = PBXGroup;
			children = (
				49175CAD19F4F943000FBC15 /* Synesthesia */,
			);
			name = Products;
			sourceTree = "<group>";
		};
		49175CAF19F4F943000FBC15 /* Synesthesia */ = {
			isa = PBXGroup;
			children = (
				49479B5A1A13BEA100EE922E /* VFO */,
				49B0159B19F91D2000112A25 /* Tobago */,
				49175CB019F4F943000FBC15 /* main.cpp */,
			);
			path = Synesthesia;
			sourceTree = "<group>";
		};
		49479B5A1A13BEA100EE922E /* VFO */ = {
			isa = PBXGroup;
			children = (
				49479B5B1A13BEA100EE922E /* Player */,
				49F029411A176C5100B355BA /* VideoAsset.cpp */,
				49F029421A176C5100B355BA /* VideoAsset.h */,
				49B2E42B1A25D5E000C5ECAE /* HistogramHSV.cpp */,
				49B2E42C1A25D5E000C5ECAE /* HistogramHSV.h */,
				49747E951A264CCD004B1241 /* ShotDetector.cpp */,
				49747E961A264CCD004B1241 /* ShotDetector.h */,
				493554681A27460400F435AA /* AssetLibrary.cpp */,
				493554691A27460400F435AA /* AssetLibrary.h */,
			);
			path = VFO;
			sourceTree = "<group>";
		};
		49479B5B1A13BEA100EE922E /* Player */ = {
			isa = PBXGroup;
			children = (
				49479B671A13BEEC00EE922E /* Player.h */,
				49479B6A1A13C09A00EE922E /* OSXPlayer.h */,
				49479B691A13C09A00EE922E /* OSXPlayer.mm */,
				49479B5C1A13BEA100EE922E /* OSX */,
			);
			path = Player;
			sourceTree = "<group>";
		};
		49479B5C1A13BEA100EE922E /* OSX */ = {
			isa = PBXGroup;
			children = (
				49479B5D1A13BEA100EE922E /* OFAVFoundationVideoPlayer.h */,
				49479B5E1A13BEA100EE922E /* OFAVFoundationVideoPlayer.m */,
				49479B5F1A13BEA100EE922E /* OFAVFoundationVideoPlayerView.h */,
				49479B601A13BEA100EE922E /* OFAVFoundationVideoPlayerView.m */,
			);
			path = OSX;
			sourceTree = "<group>";
		};
		4958BAB819F6DFEB00DE1837 /* Frameworks */ = {
			isa = PBXGroup;
			children = (
				49FCEB801A25EF6500977A78 /* OpenCL.framework */,
				4958BAB619F6DFB400DE1837 /* Foundation.framework */,
				4958BAB419F6DFAE00DE1837 /* CoreFoundation.framework */,
				4958BAB219F6DF9E00DE1837 /* AVKit.framework */,
				4958BAB019F6DF9900DE1837 /* AVFoundation.framework */,
			);
			name = Frameworks;
			sourceTree = "<group>";
		};
		49B0159B19F91D2000112A25 /* Tobago */ = {
			isa = PBXGroup;
			children = (
				49B015BD19F91D2000112A25 /* Tobago.h */,
				49B0159C19F91D2000112A25 /* handlers */,
				49B015A319F91D2000112A25 /* init */,
				49B015A819F91D2000112A25 /* objects */,
				49B015BE19F91D2000112A25 /* utility */,
			);
			path = Tobago;
			sourceTree = "<group>";
		};
		49B0159C19F91D2000112A25 /* handlers */ = {
			isa = PBXGroup;
			children = (
				49B0159F19F91D2000112A25 /* FontHandler.cpp */,
				49B015A019F91D2000112A25 /* FontHandler.h */,
				49B015D219F938BF00112A25 /* SoundHandler.cpp */,
				49B015D319F938BF00112A25 /* SoundHandler.h */,
			);
			path = handlers;
			sourceTree = "<group>";
		};
		49B015A319F91D2000112A25 /* init */ = {
			isa = PBXGroup;
			children = (
				49B015A419F91D2000112A25 /* ContextGLFW.cpp */,
				49B015A519F91D2000112A25 /* ContextGLFW.h */,
				49B015A619F91D2000112A25 /* initTobago.cpp */,
				49B015A719F91D2000112A25 /* initTobago.h */,
			);
			path = init;
			sourceTree = "<group>";
		};
		49B015A819F91D2000112A25 /* objects */ = {
			isa = PBXGroup;
			children = (
				49B015A919F91D2000112A25 /* Buffer_Object.cpp */,
				49B015AA19F91D2000112A25 /* Buffer_Object.h */,
				49B015AB19F91D2000112A25 /* FBO.cpp */,
				49B015AC19F91D2000112A25 /* FBO.h */,
				49B015AD19F91D2000112A25 /* IBO.h */,
				49B015AE19F91D2000112A25 /* jpeg-compressor */,
				49B015B319F91D2000112A25 /* lodepng */,
				49B015B619F91D2000112A25 /* Shader.cpp */,
				49B015B719F91D2000112A25 /* Shader.h */,
				49B015B819F91D2000112A25 /* TBO.cpp */,
				49B015B919F91D2000112A25 /* TBO.h */,
				49B015BA19F91D2000112A25 /* VAO.cpp */,
				49B015BB19F91D2000112A25 /* VAO.h */,
				49B015BC19F91D2000112A25 /* VBO.h */,
			);
			path = objects;
			sourceTree = "<group>";
		};
		49B015AE19F91D2000112A25 /* jpeg-compressor */ = {
			isa = PBXGroup;
			children = (
				49B015AF19F91D2000112A25 /* jpgd.cpp */,
				49B015B019F91D2000112A25 /* jpgd.h */,
				49B015B119F91D2000112A25 /* jpge.cpp */,
				49B015B219F91D2000112A25 /* jpge.h */,
			);
			path = "jpeg-compressor";
			sourceTree = "<group>";
		};
		49B015B319F91D2000112A25 /* lodepng */ = {
			isa = PBXGroup;
			children = (
				49B015B419F91D2000112A25 /* lodepng.cpp */,
				49B015B519F91D2000112A25 /* lodepng.h */,
			);
			path = lodepng;
			sourceTree = "<group>";
		};
		49B015BE19F91D2000112A25 /* utility */ = {
			isa = PBXGroup;
			children = (
				49747E941A263B6D004B1241 /* Colors.h */,
				49B015BF19F91D2000112A25 /* basic.cpp */,
				49B015C019F91D2000112A25 /* basic.h */,
				49B015C119F91D2000112A25 /* log.cpp */,
				49B015C219F91D2000112A25 /* log.h */,
			);
			path = utility;
			sourceTree = "<group>";
		};
/* End PBXGroup section */

/* Begin PBXNativeTarget section */
		49175CAC19F4F943000FBC15 /* Synesthesia */ = {
			isa = PBXNativeTarget;
			buildConfigurationList = 49175CB419F4F943000FBC15 /* Build configuration list for PBXNativeTarget "Synesthesia" */;
			buildPhases = (
				49175CA919F4F943000FBC15 /* Sources */,
				49175CAA19F4F943000FBC15 /* Frameworks */,
				49175CAB19F4F943000FBC15 /* CopyFiles */,
			);
			buildRules = (
			);
			dependencies = (
			);
			name = Synesthesia;
			productName = Synesthesia;
			productReference = 49175CAD19F4F943000FBC15 /* Synesthesia */;
			productType = "com.apple.product-type.tool";
		};
/* End PBXNativeTarget section */

/* Begin PBXProject section */
		49175CA519F4F943000FBC15 /* Project object */ = {
			isa = PBXProject;
			attributes = {
				LastUpgradeCheck = 0600;
				ORGANIZATIONNAME = "Marc Junyent Martín";
				TargetAttributes = {
					49175CAC19F4F943000FBC15 = {
						CreatedOnToolsVersion = 6.0.1;
					};
				};
			};
			buildConfigurationList = 49175CA819F4F943000FBC15 /* Build configuration list for PBXProject "Synesthesia" */;
			compatibilityVersion = "Xcode 3.2";
			developmentRegion = English;
			hasScannedForEncodings = 0;
			knownRegions = (
				en,
				Base,
			);
			mainGroup = 49175CA419F4F943000FBC15;
			productRefGroup = 49175CAE19F4F943000FBC15 /* Products */;
			projectDirPath = "";
			projectRoot = "";
			targets = (
				49175CAC19F4F943000FBC15 /* Synesthesia */,
			);
		};
/* End PBXProject section */

/* Begin PBXSourcesBuildPhase section */
		49175CA919F4F943000FBC15 /* Sources */ = {
			isa = PBXSourcesBuildPhase;
			buildActionMask = 2147483647;
			files = (
				49B015CF19F91D2000112A25 /* VAO.cpp in Sources */,
				49175CB119F4F943000FBC15 /* main.cpp in Sources */,
				49479B6B1A13C09A00EE922E /* OSXPlayer.mm in Sources */,
				49B015CD19F91D2000112A25 /* Shader.cpp in Sources */,
				49B015C619F91D2000112A25 /* ContextGLFW.cpp in Sources */,
				49479B641A13BEA100EE922E /* OFAVFoundationVideoPlayerView.m in Sources */,
				49B015C919F91D2000112A25 /* FBO.cpp in Sources */,
				49B015CA19F91D2000112A25 /* jpgd.cpp in Sources */,
				49B015D419F938BF00112A25 /* SoundHandler.cpp in Sources */,
				49F029431A176C5100B355BA /* VideoAsset.cpp in Sources */,
				49B015CB19F91D2000112A25 /* jpge.cpp in Sources */,
				49B015CE19F91D2000112A25 /* TBO.cpp in Sources */,
				49B2E42D1A25D5E000C5ECAE /* HistogramHSV.cpp in Sources */,
				49B015D019F91D2000112A25 /* basic.cpp in Sources */,
				49B015C719F91D2000112A25 /* initTobago.cpp in Sources */,
				49B015C419F91D2000112A25 /* FontHandler.cpp in Sources */,
				49B015CC19F91D2000112A25 /* lodepng.cpp in Sources */,
				49479B631A13BEA100EE922E /* OFAVFoundationVideoPlayer.m in Sources */,
				4935546A1A27460400F435AA /* AssetLibrary.cpp in Sources */,
				49B015C819F91D2000112A25 /* Buffer_Object.cpp in Sources */,
				49B015D119F91D2000112A25 /* log.cpp in Sources */,
				49747E971A264CCD004B1241 /* ShotDetector.cpp in Sources */,
			);
			runOnlyForDeploymentPostprocessing = 0;
		};
/* End PBXSourcesBuildPhase section */

/* Begin XCBuildConfiguration section */
		49175CB219F4F943000FBC15 /* Debug */ = {
			isa = XCBuildConfiguration;
			buildSettings = {
				ALWAYS_SEARCH_USER_PATHS = NO;
				CLANG_CXX_LANGUAGE_STANDARD = "gnu++0x";
				CLANG_CXX_LIBRARY = "libc++";
				CLANG_ENABLE_MODULES = YES;
				CLANG_ENABLE_OBJC_ARC = YES;
				CLANG_WARN_BOOL_CONVERSION = YES;
				CLANG_WARN_CONSTANT_CONVERSION = YES;
				CLANG_WARN_DIRECT_OBJC_ISA_USAGE = YES_ERROR;
				CLANG_WARN_EMPTY_BODY = YES;
				CLANG_WARN_ENUM_CONVERSION = YES;
				CLANG_WARN_INT_CONVERSION = YES;
				CLANG_WARN_OBJC_ROOT_CLASS = YES_ERROR;
				CLANG_WARN_UNREACHABLE_CODE = YES;
				CLANG_WARN__DUPLICATE_METHOD_MATCH = YES;
				COPY_PHASE_STRIP = NO;
				ENABLE_STRICT_OBJC_MSGSEND = YES;
				GCC_C_LANGUAGE_STANDARD = gnu99;
				GCC_DYNAMIC_NO_PIC = NO;
				GCC_OPTIMIZATION_LEVEL = 0;
				GCC_PREPROCESSOR_DEFINITIONS = (
					"DEBUG=1",
					"$(inherited)",
				);
				GCC_SYMBOLS_PRIVATE_EXTERN = NO;
				GCC_WARN_64_TO_32_BIT_CONVERSION = YES;
				GCC_WARN_ABOUT_RETURN_TYPE = YES_ERROR;
				GCC_WARN_UNDECLARED_SELECTOR = YES;
				GCC_WARN_UNINITIALIZED_AUTOS = YES_AGGRESSIVE;
				GCC_WARN_UNUSED_FUNCTION = YES;
				GCC_WARN_UNUSED_VARIABLE = YES;
				MACOSX_DEPLOYMENT_TARGET = 10.10;
				MTL_ENABLE_DEBUG_INFO = YES;
				ONLY_ACTIVE_ARCH = YES;
				SDKROOT = macosx;
			};
			name = Debug;
		};
		49175CB319F4F943000FBC15 /* Release */ = {
			isa = XCBuildConfiguration;
			buildSettings = {
				ALWAYS_SEARCH_USER_PATHS = NO;
				CLANG_CXX_LANGUAGE_STANDARD = "gnu++0x";
				CLANG_CXX_LIBRARY = "libc++";
				CLANG_ENABLE_MODULES = YES;
				CLANG_ENABLE_OBJC_ARC = YES;
				CLANG_WARN_BOOL_CONVERSION = YES;
				CLANG_WARN_CONSTANT_CONVERSION = YES;
				CLANG_WARN_DIRECT_OBJC_ISA_USAGE = YES_ERROR;
				CLANG_WARN_EMPTY_BODY = YES;
				CLANG_WARN_ENUM_CONVERSION = YES;
				CLANG_WARN_INT_CONVERSION = YES;
				CLANG_WARN_OBJC_ROOT_CLASS = YES_ERROR;
				CLANG_WARN_UNREACHABLE_CODE = YES;
				CLANG_WARN__DUPLICATE_METHOD_MATCH = YES;
				COPY_PHASE_STRIP = YES;
				DEBUG_INFORMATION_FORMAT = "dwarf-with-dsym";
				ENABLE_NS_ASSERTIONS = NO;
				ENABLE_STRICT_OBJC_MSGSEND = YES;
				GCC_C_LANGUAGE_STANDARD = gnu99;
				GCC_WARN_64_TO_32_BIT_CONVERSION = YES;
				GCC_WARN_ABOUT_RETURN_TYPE = YES_ERROR;
				GCC_WARN_UNDECLARED_SELECTOR = YES;
				GCC_WARN_UNINITIALIZED_AUTOS = YES_AGGRESSIVE;
				GCC_WARN_UNUSED_FUNCTION = YES;
				GCC_WARN_UNUSED_VARIABLE = YES;
				MACOSX_DEPLOYMENT_TARGET = 10.10;
				MTL_ENABLE_DEBUG_INFO = NO;
				SDKROOT = macosx;
			};
			name = Release;
		};
		49175CB519F4F943000FBC15 /* Debug */ = {
			isa = XCBuildConfiguration;
			buildSettings = {
				ALWAYS_SEARCH_USER_PATHS = YES;
				CLANG_ENABLE_OBJC_ARC = NO;
				CONFIGURATION_BUILD_DIR = "$(PROJECT_DIR)/build/";
				GCC_PREPROCESSOR_DEFINITIONS = NO_FMOD;
				HEADER_SEARCH_PATHS = (
					"$(inherited)",
					/Applications/Xcode.app/Contents/Developer/Toolchains/XcodeDefault.xctoolchain/usr/include,
					"$(PROJECT_DIR)/include/",
				);
				LIBRARY_SEARCH_PATHS = (
					"$(PROJECT_DIR)/libs/",
					"$(PROJECT_DIR)/libs",
				);
				OTHER_CPLUSPLUSFLAGS = "$(OTHER_CFLAGS)";
				PRODUCT_NAME = "$(TARGET_NAME)";
				USER_HEADER_SEARCH_PATHS = "$(PROJECT_DIR)/Synesthesia/";
			};
			name = Debug;
		};
		49175CB619F4F943000FBC15 /* Release */ = {
			isa = XCBuildConfiguration;
			buildSettings = {
				ALWAYS_SEARCH_USER_PATHS = YES;
				CLANG_ENABLE_OBJC_ARC = NO;
				GCC_PREPROCESSOR_DEFINITIONS = NO_FMOD;
				HEADER_SEARCH_PATHS = (
					"$(inherited)",
					/Applications/Xcode.app/Contents/Developer/Toolchains/XcodeDefault.xctoolchain/usr/include,
					"$(PROJECT_DIR)/include/",
				);
				LIBRARY_SEARCH_PATHS = (
					"$(PROJECT_DIR)/libs/",
					"$(PROJECT_DIR)/libs",
				);
				OTHER_CPLUSPLUSFLAGS = "$(OTHER_CFLAGS)";
				PRODUCT_NAME = "$(TARGET_NAME)";
				USER_HEADER_SEARCH_PATHS = "$(PROJECT_DIR)/Synesthesia/";
			};
			name = Release;
		};
/* End XCBuildConfiguration section */

/* Begin XCConfigurationList section */
		49175CA819F4F943000FBC15 /* Build configuration list for PBXProject "Synesthesia" */ = {
			isa = XCConfigurationList;
			buildConfigurations = (
				49175CB219F4F943000FBC15 /* Debug */,
				49175CB319F4F943000FBC15 /* Release */,
			);
			defaultConfigurationIsVisible = 0;
			defaultConfigurationName = Release;
		};
		49175CB419F4F943000FBC15 /* Build configuration list for PBXNativeTarget "Synesthesia" */ = {
			isa = XCConfigurationList;
			buildConfigurations = (
				49175CB519F4F943000FBC15 /* Debug */,
				49175CB619F4F943000FBC15 /* Release */,
			);
			defaultConfigurationIsVisible = 0;
			defaultConfigurationName = Release;
		};
/* End XCConfigurationList section */
	};
	rootObject = 49175CA519F4F943000FBC15 /* Project object */;
}
